%{"bbmustache": {:hex, :bbmustache, "1.0.4"},
  "certifi": {:hex, :certifi, "0.4.0"},
  "cf": {:hex, :cf, "0.2.1"},
  "erlware_commons": {:hex, :erlware_commons, "0.19.0"},
  "exjsx": {:hex, :exjsx, "3.1.0"},
  "exrm": {:hex, :exrm, "1.0.4"},
  "getopt": {:hex, :getopt, "0.8.2"},
  "hackney": {:hex, :hackney, "1.6.0"},
  "httpoison": {:hex, :httpoison, "0.8.3"},
  "idna": {:hex, :idna, "1.2.0"},
  "jsx": {:hex, :jsx, "2.4.0"},
  "metrics": {:hex, :metrics, "1.0.1"},
  "mimerl": {:hex, :mimerl, "1.0.2"},
  "poison": {:hex, :poison, "2.1.0"},
  "providers": {:hex, :providers, "1.6.0"},
  "relx": {:hex, :relx, "3.19.0"},
  "slack": {:hex, :slack, "0.4.2"},
  "ssl_verify_fun": {:hex, :ssl_verify_fun, "1.1.0"},
  "websocket_client": {:git, "https://github.com/jeremyong/websocket_client", "f6892c8b55004008ce2d52be7d98b156f3e34569", []}}
